
Microsoft Visual Studio Solution File, Format Version 12.00
# Visual Studio Version 17
VisualStudioVersion = 17.11.35017.193
MinimumVisualStudioVersion = 10.0.40219.1
Project("{9A19103F-16F7-4668-BE54-9A1E7A4F7556}") = "BilgeAriMVC", "BilgeAri-Cocuklar-Icin-Etkilesimli-Ogrenme-Platformu-main\BilgeAriMVC.csproj", "{C79B3AFC-BF1D-47A2-A3E4-B78C1FE9D9D0}"
EndProject
Global
	GlobalSection(SolutionConfigurationPlatforms) = preSolution
		Debug|Any CPU = Debug|Any CPU
		Release|Any CPU = Release|Any CPU
	EndGlobalSection
	GlobalSection(ProjectConfigurationPlatforms) = postSolution
		{C79B3AFC-BF1D-47A2-A3E4-B78C1FE9D9D0}.Debug|Any CPU.ActiveCfg = Debug|Any CPU
		{C79B3AFC-BF1D-47A2-A3E4-B78C1FE9D9D0}.Debug|Any CPU.Build.0 = Debug|Any CPU
		{C79B3AFC-BF1D-47A2-A3E4-B78C1FE9D9D0}.Release|Any CPU.ActiveCfg = Release|Any CPU
		{C79B3AFC-BF1D-47A2-A3E4-B78C1FE9D9D0}.Release|Any CPU.Build.0 = Release|Any CPU
	EndGlobalSection
	GlobalSection(SolutionProperties) = preSolution
		HideSolutionNode = FALSE
	EndGlobalSection
	GlobalSection(ExtensibilityGlobals) = postSolution
		SolutionGuid = {D5D83DED-7A0D-491D-967B-991C520EC51C}
	EndGlobalSection
EndGlobal
